
Microsoft Visual Studio Solution File, Format Version 12.00
# Visual Studio Version 16
VisualStudioVersion = 16.0.29403.142
MinimumVisualStudioVersion = 10.0.40219.1
Project("{FAE04EC0-301F-11D3-BF4B-00C04F79EFBC}") = "SanBank", "SanBank\SanBank.csproj", "{76699870-3D77-4DE8-B4B8-442761A0270B}"
EndProject
Global
	GlobalSection(SolutionConfigurationPlatforms) = preSolution
		Debug|Any CPU = Debug|Any CPU
		Release|Any CPU = Release|Any CPU
	EndGlobalSection
	GlobalSection(ProjectConfigurationPlatforms) = postSolution
		{76699870-3D77-4DE8-B4B8-442761A0270B}.Debug|Any CPU.ActiveCfg = Debug|Any CPU
		{76699870-3D77-4DE8-B4B8-442761A0270B}.Debug|Any CPU.Build.0 = Debug|Any CPU
		{76699870-3D77-4DE8-B4B8-442761A0270B}.Release|Any CPU.ActiveCfg = Release|Any CPU
		{76699870-3D77-4DE8-B4B8-442761A0270B}.Release|Any CPU.Build.0 = Release|Any CPU
	EndGlobalSection
	GlobalSection(SolutionProperties) = preSolution
		HideSolutionNode = FALSE
	EndGlobalSection
	GlobalSection(ExtensibilityGlobals) = postSolution
		SolutionGuid = {5B4EC8F7-DF2E-437F-8325-414632C24029}
	EndGlobalSection
EndGlobal
